
Microsoft Visual Studio Solution File, Format Version 12.00
# Visual Studio Version 16
VisualStudioVersion = 16.0.30503.244
MinimumVisualStudioVersion = 10.0.40219.1
Project("{8BC9CEB8-8B4A-11D0-8D11-00A0C91BC942}") = "Game1011_Lab1_Das", "Game1011_Lab1_Das\Game1011_Lab1_Das.vcxproj", "{4F8E2278-0F3F-456C-9AB4-B6D23A051BE4}"
EndProject
Project("{8BC9CEB8-8B4A-11D0-8D11-00A0C91BC942}") = "Game1011_Lab2_Das", "Game1011_Lab2_Das\Game1011_Lab2_Das.vcxproj", "{1EFB4E79-A6DA-495C-8D68-8718285AD2D7}"
EndProject
Project("{8BC9CEB8-8B4A-11D0-8D11-00A0C91BC942}") = "Game1011_Lab3_Das", "Game1011_Lab3_Das\Game1011_Lab3_Das.vcxproj", "{2BBB1A4C-B43C-45F9-9FF5-7E531603CD6A}"
EndProject
Project("{8BC9CEB8-8B4A-11D0-8D11-00A0C91BC942}") = "Game1011_Lab4_Das", "Game1011_Lab4_Das\Game1011_Lab4_Das.vcxproj", "{5D8FB3C9-4098-4C8F-B76B-603A2435E46F}"
EndProject
Global
	GlobalSection(SolutionConfigurationPlatforms) = preSolution
		Debug|x64 = Debug|x64
		Debug|x86 = Debug|x86
		Release|x64 = Release|x64
		Release|x86 = Release|x86
	EndGlobalSection
	GlobalSection(ProjectConfigurationPlatforms) = postSolution
		{4F8E2278-0F3F-456C-9AB4-B6D23A051BE4}.Debug|x64.ActiveCfg = Debug|x64
		{4F8E2278-0F3F-456C-9AB4-B6D23A051BE4}.Debug|x64.Build.0 = Debug|x64
		{4F8E2278-0F3F-456C-9AB4-B6D23A051BE4}.Debug|x86.ActiveCfg = Debug|Win32
		{4F8E2278-0F3F-456C-9AB4-B6D23A051BE4}.Debug|x86.Build.0 = Debug|Win32
		{4F8E2278-0F3F-456C-9AB4-B6D23A051BE4}.Release|x64.ActiveCfg = Release|x64
		{4F8E2278-0F3F-456C-9AB4-B6D23A051BE4}.Release|x64.Build.0 = Release|x64
		{4F8E2278-0F3F-456C-9AB4-B6D23A051BE4}.Release|x86.ActiveCfg = Release|Win32
		{4F8E2278-0F3F-456C-9AB4-B6D23A051BE4}.Release|x86.Build.0 = Release|Win32
		{1EFB4E79-A6DA-495C-8D68-8718285AD2D7}.Debug|x64.ActiveCfg = Debug|x64
		{1EFB4E79-A6DA-495C-8D68-8718285AD2D7}.Debug|x64.Build.0 = Debug|x64
		{1EFB4E79-A6DA-495C-8D68-8718285AD2D7}.Debug|x86.ActiveCfg = Debug|Win32
		{1EFB4E79-A6DA-495C-8D68-8718285AD2D7}.Debug|x86.Build.0 = Debug|Win32
		{1EFB4E79-A6DA-495C-8D68-8718285AD2D7}.Release|x64.ActiveCfg = Release|x64
		{1EFB4E79-A6DA-495C-8D68-8718285AD2D7}.Release|x64.Build.0 = Release|x64
		{1EFB4E79-A6DA-495C-8D68-8718285AD2D7}.Release|x86.ActiveCfg = Release|Win32
		{1EFB4E79-A6DA-495C-8D68-8718285AD2D7}.Release|x86.Build.0 = Release|Win32
		{2BBB1A4C-B43C-45F9-9FF5-7E531603CD6A}.Debug|x64.ActiveCfg = Debug|x64
		{2BBB1A4C-B43C-45F9-9FF5-7E531603CD6A}.Debug|x64.Build.0 = Debug|x64
		{2BBB1A4C-B43C-45F9-9FF5-7E531603CD6A}.Debug|x86.ActiveCfg = Debug|Win32
		{2BBB1A4C-B43C-45F9-9FF5-7E531603CD6A}.Debug|x86.Build.0 = Debug|Win32
		{2BBB1A4C-B43C-45F9-9FF5-7E531603CD6A}.Release|x64.ActiveCfg = Release|x64
		{2BBB1A4C-B43C-45F9-9FF5-7E531603CD6A}.Release|x64.Build.0 = Release|x64
		{2BBB1A4C-B43C-45F9-9FF5-7E531603CD6A}.Release|x86.ActiveCfg = Release|Win32
		{2BBB1A4C-B43C-45F9-9FF5-7E531603CD6A}.Release|x86.Build.0 = Release|Win32
		{5D8FB3C9-4098-4C8F-B76B-603A2435E46F}.Debug|x64.ActiveCfg = Debug|x64
		{5D8FB3C9-4098-4C8F-B76B-603A2435E46F}.Debug|x64.Build.0 = Debug|x64
		{5D8FB3C9-4098-4C8F-B76B-603A2435E46F}.Debug|x86.ActiveCfg = Debug|Win32
		{5D8FB3C9-4098-4C8F-B76B-603A2435E46F}.Debug|x86.Build.0 = Debug|Win32
		{5D8FB3C9-4098-4C8F-B76B-603A2435E46F}.Release|x64.ActiveCfg = Release|x64
		{5D8FB3C9-4098-4C8F-B76B-603A2435E46F}.Release|x64.Build.0 = Release|x64
		{5D8FB3C9-4098-4C8F-B76B-603A2435E46F}.Release|x86.ActiveCfg = Release|Win32
		{5D8FB3C9-4098-4C8F-B76B-603A2435E46F}.Release|x86.Build.0 = Release|Win32
	EndGlobalSection
	GlobalSection(SolutionProperties) = preSolution
		HideSolutionNode = FALSE
	EndGlobalSection
	GlobalSection(ExtensibilityGlobals) = postSolution
		SolutionGuid = {73B3F524-86E1-48CE-9C0A-AB0751F639F7}
	EndGlobalSection
EndGlobal
