
Microsoft Visual Studio Solution File, Format Version 12.00
# Visual Studio Version 16
VisualStudioVersion = 16.0.30503.244
MinimumVisualStudioVersion = 10.0.40219.1
Project("{8BC9CEB8-8B4A-11D0-8D11-00A0C91BC942}") = "Game1011_Lab1_Das", "Game1011_Lab1_Das\Game1011_Lab1_Das.vcxproj", "{4F8E2278-0F3F-456C-9AB4-B6D23A051BE4}"
EndProject
Global
	GlobalSection(SolutionConfigurationPlatforms) = preSolution
		Debug|x64 = Debug|x64
		Debug|x86 = Debug|x86
		Release|x64 = Release|x64
		Release|x86 = Release|x86
	EndGlobalSection
	GlobalSection(ProjectConfigurationPlatforms) = postSolution
		{4F8E2278-0F3F-456C-9AB4-B6D23A051BE4}.Debug|x64.ActiveCfg = Debug|x64
		{4F8E2278-0F3F-456C-9AB4-B6D23A051BE4}.Debug|x64.Build.0 = Debug|x64
		{4F8E2278-0F3F-456C-9AB4-B6D23A051BE4}.Debug|x86.ActiveCfg = Debug|Win32
		{4F8E2278-0F3F-456C-9AB4-B6D23A051BE4}.Debug|x86.Build.0 = Debug|Win32
		{4F8E2278-0F3F-456C-9AB4-B6D23A051BE4}.Release|x64.ActiveCfg = Release|x64
		{4F8E2278-0F3F-456C-9AB4-B6D23A051BE4}.Release|x64.Build.0 = Release|x64
		{4F8E2278-0F3F-456C-9AB4-B6D23A051BE4}.Release|x86.ActiveCfg = Release|Win32
		{4F8E2278-0F3F-456C-9AB4-B6D23A051BE4}.Release|x86.Build.0 = Release|Win32
	EndGlobalSection
	GlobalSection(SolutionProperties) = preSolution
		HideSolutionNode = FALSE
	EndGlobalSection
	GlobalSection(ExtensibilityGlobals) = postSolution
		SolutionGuid = {3CFE648A-EA8F-4047-8774-9B1B3AF15C9C}
	EndGlobalSection
EndGlobal
